
Microsoft Visual Studio Solution File, Format Version 12.00
# Visual Studio Version 17
VisualStudioVersion = 17.6.33815.320
MinimumVisualStudioVersion = 10.0.40219.1
Project("{FAE04EC0-301F-11D3-BF4B-00C04F79EFBC}") = "ObjectOrientedPP12", "ObjectOrientedPP12\ObjectOrientedPP12.csproj", "{2CFBC921-1229-4FBE-9384-5F39EFE2B7F1}"
EndProject
Global
	GlobalSection(SolutionConfigurationPlatforms) = preSolution
		Debug|Any CPU = Debug|Any CPU
		Release|Any CPU = Release|Any CPU
	EndGlobalSection
	GlobalSection(ProjectConfigurationPlatforms) = postSolution
		{2CFBC921-1229-4FBE-9384-5F39EFE2B7F1}.Debug|Any CPU.ActiveCfg = Debug|Any CPU
		{2CFBC921-1229-4FBE-9384-5F39EFE2B7F1}.Debug|Any CPU.Build.0 = Debug|Any CPU
		{2CFBC921-1229-4FBE-9384-5F39EFE2B7F1}.Release|Any CPU.ActiveCfg = Release|Any CPU
		{2CFBC921-1229-4FBE-9384-5F39EFE2B7F1}.Release|Any CPU.Build.0 = Release|Any CPU
	EndGlobalSection
	GlobalSection(SolutionProperties) = preSolution
		HideSolutionNode = FALSE
	EndGlobalSection
	GlobalSection(ExtensibilityGlobals) = postSolution
		SolutionGuid = {88C14658-2389-4AA6-B64E-D08D7D72E90C}
	EndGlobalSection
EndGlobal
